<?xml version="1.0" encoding="utf-8"?>
<Project ToolsVersion="4.0" xmlns="http://schemas.microsoft.com/developer/msbuild/2003">
  <ItemGroup>
    <ClCompile Include="..\..\stdafx.cpp" />
    <ClCompile Include="..\..\main.cpp" />
    <ClCompile Include="..\..\EvolvedVirtualCreatures.cpp" />
    <ClCompile Include="..\..\genoype\GenotypeParser.cpp">
      <Filter>Genotype</Filter>
    </ClCompile>
    <ClCompile Include="..\..\genoype\GenotypeScanner.cpp">
      <Filter>Genotype</Filter>
    </ClCompile>
    <ClCompile Include="..\..\creature\Joint.cpp">
      <Filter>Creature</Filter>
    </ClCompile>
    <ClCompile Include="..\..\creature\NeuralNet.cpp">
      <Filter>Creature</Filter>
    </ClCompile>
    <ClCompile Include="..\..\creature\Creature.cpp">
      <Filter>Creature</Filter>
    </ClCompile>
    <ClCompile Include="..\..\creature\Effector.cpp">
      <Filter>Creature</Filter>
    </ClCompile>
    <ClCompile Include="..\..\genetic\GeneticAlgorithm.cpp">
      <Filter>Genetic</Filter>
    </ClCompile>
    <ClCompile Include="..\..\genetic\Genome.cpp">
      <Filter>Genetic</Filter>
    </ClCompile>
    <ClCompile Include="..\..\creature\PhotoSensor.cpp">
      <Filter>Creature</Filter>
    </ClCompile>
    <ClCompile Include="..\..\creature\VisionSensor.cpp">
      <Filter>Creature</Filter>
    </ClCompile>
    <ClCompile Include="..\..\renderer\RenderComposition.cpp">
      <Filter>Renderer</Filter>
    </ClCompile>
    <ClCompile Include="..\..\diagram\DiagramController.cpp">
      <Filter>Diagram</Filter>
    </ClCompile>
    <ClCompile Include="..\..\creature\PhysNode.cpp">
      <Filter>Creature</Filter>
    </ClCompile>
    <ClCompile Include="..\..\diagram\DiagramNode.cpp">
      <Filter>Diagram</Filter>
    </ClCompile>
    <ClCompile Include="..\..\renderer\RendererCompositionShape.cpp">
      <Filter>Renderer</Filter>
    </ClCompile>
    <ClCompile Include="..\..\utility\FileLoader.cpp">
      <Filter>Utility</Filter>
    </ClCompile>
    <ClCompile Include="..\..\renderer\RendererModelShape.cpp">
      <Filter>Renderer</Filter>
    </ClCompile>
    <ClCompile Include="..\..\renderer\RenderModelActor.cpp">
      <Filter>Renderer</Filter>
    </ClCompile>
    <ClCompile Include="..\..\renderer\RendererSkinModelShape.cpp">
      <Filter>Renderer</Filter>
    </ClCompile>
    <ClCompile Include="..\..\renderer\Track.cpp">
      <Filter>Renderer</Filter>
    </ClCompile>
    <ClCompile Include="..\..\renderer\3dNode.cpp">
      <Filter>Renderer</Filter>
    </ClCompile>
    <ClCompile Include="..\..\renderer\Bone.cpp">
      <Filter>Renderer</Filter>
    </ClCompile>
    <ClCompile Include="..\..\renderer\RenderBezierActor.cpp">
      <Filter>Renderer</Filter>
    </ClCompile>
    <ClCompile Include="..\..\renderer\RendererBezierShape.cpp">
      <Filter>Renderer</Filter>
    </ClCompile>
    <ClCompile Include="..\..\renderer\MeshCompositionUtility.cpp">
      <Filter>Renderer</Filter>
    </ClCompile>
    <ClCompile Include="..\..\utility\Utility.cpp">
      <Filter>Utility</Filter>
    </ClCompile>
    <ClCompile Include="..\..\diagram\SimpleCamera.cpp">
      <Filter>Diagram</Filter>
    </ClCompile>
    <ClCompile Include="..\..\diagram\PopupDiagrams.cpp">
      <Filter>Diagram</Filter>
    </ClCompile>
    <ClCompile Include="..\..\diagram\OrientationEditController.cpp">
      <Filter>Diagram</Filter>
    </ClCompile>
  </ItemGroup>
  <ItemGroup>
    <ClInclude Include="..\..\stdafx.h" />
    <ClInclude Include="..\..\targetver.h" />
    <ClInclude Include="..\..\EvolvedVirtualCreatures.h" />
    <ClInclude Include="..\..\genoype\GenotypeParser.h">
      <Filter>Genotype</Filter>
    </ClInclude>
    <ClInclude Include="..\..\genoype\GenotypeScanner.h">
      <Filter>Genotype</Filter>
    </ClInclude>
    <ClInclude Include="..\..\Configure.h" />
    <ClInclude Include="..\..\creature\Joint.h">
      <Filter>Creature</Filter>
    </ClInclude>
    <ClInclude Include="..\..\creature\NeuralNet.h">
      <Filter>Creature</Filter>
    </ClInclude>
    <ClInclude Include="..\..\creature\Sensor.h">
      <Filter>Creature</Filter>
    </ClInclude>
    <ClInclude Include="..\..\creature\Creature.h">
      <Filter>Creature</Filter>
    </ClInclude>
    <ClInclude Include="..\..\creature\Effector.h">
      <Filter>Creature</Filter>
    </ClInclude>
    <ClInclude Include="..\..\creature\AngularSensor.h">
      <Filter>Creature</Filter>
    </ClInclude>
    <ClInclude Include="..\..\creature\MuscleEffector.h">
      <Filter>Creature</Filter>
    </ClInclude>
    <ClInclude Include="..\..\genetic\GeneticAlgorithm.h">
      <Filter>Genetic</Filter>
    </ClInclude>
    <ClInclude Include="..\..\genetic\Genome.h">
      <Filter>Genetic</Filter>
    </ClInclude>
    <ClInclude Include="..\..\creature\PhotoSensor.h">
      <Filter>Creature</Filter>
    </ClInclude>
    <ClInclude Include="..\..\creature\VisionSensor.h">
      <Filter>Creature</Filter>
    </ClInclude>
    <ClInclude Include="..\..\renderer\RenderComposition.h">
      <Filter>Renderer</Filter>
    </ClInclude>
    <ClInclude Include="..\..\diagram\DiagramController.h">
      <Filter>Diagram</Filter>
    </ClInclude>
    <ClInclude Include="..\..\creature\PhysNode.h">
      <Filter>Creature</Filter>
    </ClInclude>
    <ClInclude Include="..\..\diagram\DiagramNode.h">
      <Filter>Diagram</Filter>
    </ClInclude>
    <ClInclude Include="..\..\renderer\RendererCompositionShape.h">
      <Filter>Renderer</Filter>
    </ClInclude>
    <ClInclude Include="..\..\utility\Utility.h">
      <Filter>Utility</Filter>
    </ClInclude>
    <ClInclude Include="..\..\utility\FileLoader.h">
      <Filter>Utility</Filter>
    </ClInclude>
    <ClInclude Include="..\..\utility\structdef.h">
      <Filter>Utility</Filter>
    </ClInclude>
    <ClInclude Include="..\..\renderer\RendererModelShape.h">
      <Filter>Renderer</Filter>
    </ClInclude>
    <ClInclude Include="..\..\renderer\RenderModelActor.h">
      <Filter>Renderer</Filter>
    </ClInclude>
    <ClInclude Include="..\..\renderer\RendererSkinModelShape.h">
      <Filter>Renderer</Filter>
    </ClInclude>
    <ClInclude Include="..\..\renderer\Track.h">
      <Filter>Renderer</Filter>
    </ClInclude>
    <ClInclude Include="..\..\renderer\3dNode.h">
      <Filter>Renderer</Filter>
    </ClInclude>
    <ClInclude Include="..\..\renderer\Bone.h">
      <Filter>Renderer</Filter>
    </ClInclude>
    <ClInclude Include="..\..\renderer\RenderBezierActor.h">
      <Filter>Renderer</Filter>
    </ClInclude>
    <ClInclude Include="..\..\renderer\RendererBezierShape.h">
      <Filter>Renderer</Filter>
    </ClInclude>
    <ClInclude Include="..\..\renderer\MeshCompositionUtility.h">
      <Filter>Renderer</Filter>
    </ClInclude>
    <ClInclude Include="..\..\diagram\SimpleCamera.h">
      <Filter>Diagram</Filter>
    </ClInclude>
    <ClInclude Include="..\..\diagram\PopupDiagrams.h">
      <Filter>Diagram</Filter>
    </ClInclude>
    <ClInclude Include="..\..\diagram\OrientationEditController.h">
      <Filter>Diagram</Filter>
    </ClInclude>
  </ItemGroup>
  <ItemGroup>
    <Filter Include="Genotype">
      <UniqueIdentifier>{48ec0c98-4ebd-443c-a6a7-94eb4fe32f6c}</UniqueIdentifier>
    </Filter>
    <Filter Include="Creature">
      <UniqueIdentifier>{84e272e5-b4e7-4eee-8f9e-d44572e9118a}</UniqueIdentifier>
    </Filter>
    <Filter Include="Genetic">
      <UniqueIdentifier>{845a6c7c-8b15-46d7-8cc7-f4b57de8a10c}</UniqueIdentifier>
    </Filter>
    <Filter Include="Renderer">
      <UniqueIdentifier>{6dd6012b-18dd-4c0e-852c-7ec5fb458432}</UniqueIdentifier>
    </Filter>
    <Filter Include="Diagram">
      <UniqueIdentifier>{f7c77720-5e1d-4869-98f8-98720ed7329a}</UniqueIdentifier>
    </Filter>
    <Filter Include="Utility">
      <UniqueIdentifier>{0b73a7de-a1e9-46d7-921e-266d91f4003d}</UniqueIdentifier>
    </Filter>
  </ItemGroup>
</Project>