<?xml version="1.0" encoding="utf-8"?>
<Project ToolsVersion="4.0" xmlns="http://schemas.microsoft.com/developer/msbuild/2003">
  <ItemGroup>
    <ClCompile Include="..\..\stdafx.cpp" />
    <ClCompile Include="..\..\main.cpp" />
    <ClCompile Include="..\..\EvolvedVirtualCreatures.cpp" />
    <ClCompile Include="..\..\genoype\GenotypeParser.cpp">
      <Filter>Genotype</Filter>
    </ClCompile>
    <ClCompile Include="..\..\genoype\GenotypeScanner.cpp">
      <Filter>Genotype</Filter>
    </ClCompile>
    <ClCompile Include="..\..\creature\Joint.cpp">
      <Filter>Creature</Filter>
    </ClCompile>
    <ClCompile Include="..\..\creature\NeuralNet.cpp">
      <Filter>Creature</Filter>
    </ClCompile>
    <ClCompile Include="..\..\creature\Node.cpp">
      <Filter>Creature</Filter>
    </ClCompile>
    <ClCompile Include="..\..\creature\Creature.cpp">
      <Filter>Creature</Filter>
    </ClCompile>
    <ClCompile Include="..\..\creature\Effector.cpp">
      <Filter>Creature</Filter>
    </ClCompile>
    <ClCompile Include="..\..\genetic\GeneticAlgorithm.cpp">
      <Filter>Genetic</Filter>
    </ClCompile>
    <ClCompile Include="..\..\genetic\Genome.cpp">
      <Filter>Genetic</Filter>
    </ClCompile>
    <ClCompile Include="..\..\creature\PhotoSensor.cpp">
      <Filter>Creature</Filter>
    </ClCompile>
    <ClCompile Include="..\..\creature\VisionSensor.cpp">
      <Filter>Creature</Filter>
    </ClCompile>
  </ItemGroup>
  <ItemGroup>
    <ClInclude Include="..\..\stdafx.h" />
    <ClInclude Include="..\..\targetver.h" />
    <ClInclude Include="..\..\EvolvedVirtualCreatures.h" />
    <ClInclude Include="..\..\genoype\GenotypeParser.h">
      <Filter>Genotype</Filter>
    </ClInclude>
    <ClInclude Include="..\..\genoype\GenotypeScanner.h">
      <Filter>Genotype</Filter>
    </ClInclude>
    <ClInclude Include="..\..\Configure.h" />
    <ClInclude Include="..\..\creature\Joint.h">
      <Filter>Creature</Filter>
    </ClInclude>
    <ClInclude Include="..\..\creature\NeuralNet.h">
      <Filter>Creature</Filter>
    </ClInclude>
    <ClInclude Include="..\..\creature\Node.h">
      <Filter>Creature</Filter>
    </ClInclude>
    <ClInclude Include="..\..\creature\Sensor.h">
      <Filter>Creature</Filter>
    </ClInclude>
    <ClInclude Include="..\..\creature\Creature.h">
      <Filter>Creature</Filter>
    </ClInclude>
    <ClInclude Include="..\..\creature\Effector.h">
      <Filter>Creature</Filter>
    </ClInclude>
    <ClInclude Include="..\..\creature\AngularSensor.h">
      <Filter>Creature</Filter>
    </ClInclude>
    <ClInclude Include="..\..\creature\MuscleEffector.h">
      <Filter>Creature</Filter>
    </ClInclude>
    <ClInclude Include="..\..\genetic\GeneticAlgorithm.h">
      <Filter>Genetic</Filter>
    </ClInclude>
    <ClInclude Include="..\..\genetic\Genome.h">
      <Filter>Genetic</Filter>
    </ClInclude>
    <ClInclude Include="..\..\creature\PhotoSensor.h">
      <Filter>Creature</Filter>
    </ClInclude>
    <ClInclude Include="..\..\creature\VisionSensor.h">
      <Filter>Creature</Filter>
    </ClInclude>
  </ItemGroup>
  <ItemGroup>
    <Filter Include="Genotype">
      <UniqueIdentifier>{48ec0c98-4ebd-443c-a6a7-94eb4fe32f6c}</UniqueIdentifier>
    </Filter>
    <Filter Include="Creature">
      <UniqueIdentifier>{84e272e5-b4e7-4eee-8f9e-d44572e9118a}</UniqueIdentifier>
    </Filter>
    <Filter Include="Genetic">
      <UniqueIdentifier>{845a6c7c-8b15-46d7-8cc7-f4b57de8a10c}</UniqueIdentifier>
    </Filter>
  </ItemGroup>
</Project>