<?xml version="1.0" encoding="utf-8"?>
<Project ToolsVersion="4.0" xmlns="http://schemas.microsoft.com/developer/msbuild/2003">
  <ItemGroup>
    <ClCompile Include="..\..\EvolvedVirtualCreatures.cpp" />
    <ClCompile Include="..\..\main.cpp" />
    <ClCompile Include="..\..\stdafx.cpp" />
    <ClCompile Include="..\..\creature\Creature.cpp">
      <Filter>Creature</Filter>
    </ClCompile>
    <ClCompile Include="..\..\creature\Effector.cpp">
      <Filter>Creature</Filter>
    </ClCompile>
    <ClCompile Include="..\..\creature\Joint.cpp">
      <Filter>Creature</Filter>
    </ClCompile>
    <ClCompile Include="..\..\creature\NeuralNet.cpp">
      <Filter>Creature</Filter>
    </ClCompile>
    <ClCompile Include="..\..\genoype\GenotypeParser.cpp">
      <Filter>Genotype</Filter>
    </ClCompile>
    <ClCompile Include="..\..\genoype\GenotypeScanner.cpp">
      <Filter>Genotype</Filter>
    </ClCompile>
    <ClCompile Include="..\..\genetic\GeneticAlgorithm.cpp">
      <Filter>Genetic</Filter>
    </ClCompile>
    <ClCompile Include="..\..\genetic\Genome.cpp">
      <Filter>Genetic</Filter>
    </ClCompile>
    <ClCompile Include="..\..\creature\PhotoSensor.cpp">
      <Filter>Creature</Filter>
    </ClCompile>
    <ClCompile Include="..\..\creature\VisionSensor.cpp">
      <Filter>Creature</Filter>
    </ClCompile>
    <ClCompile Include="..\..\renderer\RenderComposition.cpp">
      <Filter>Renderer</Filter>
    </ClCompile>
    <ClCompile Include="..\..\creature\PhysNode.cpp">
      <Filter>Creature</Filter>
    </ClCompile>
    <ClCompile Include="..\..\diagram\DiagramController.cpp">
      <Filter>Diagram</Filter>
    </ClCompile>
    <ClCompile Include="..\..\diagram\DiagramNode.cpp">
      <Filter>Diagram</Filter>
    </ClCompile>
    <ClCompile Include="..\..\utility\FileLoader.cpp">
      <Filter>Utility</Filter>
    </ClCompile>
    <ClCompile Include="..\..\renderer\RenderModelActor.cpp">
      <Filter>Renderer</Filter>
    </ClCompile>
    <ClCompile Include="..\..\renderer\RendererModelShape.cpp">
      <Filter>Renderer</Filter>
    </ClCompile>
    <ClCompile Include="..\..\renderer\RendererCompositionShape.cpp">
      <Filter>Renderer</Filter>
    </ClCompile>
    <ClCompile Include="..\..\utility\Utility.cpp">
      <Filter>Utility</Filter>
    </ClCompile>
    <ClCompile Include="..\..\renderer\Bone.cpp">
      <Filter>Renderer</Filter>
    </ClCompile>
    <ClCompile Include="..\..\renderer\3dNode.cpp">
      <Filter>Renderer</Filter>
    </ClCompile>
    <ClCompile Include="..\..\renderer\Track.cpp">
      <Filter>Renderer</Filter>
    </ClCompile>
    <ClCompile Include="..\..\renderer\RendererSkinModelShape.cpp">
      <Filter>Renderer</Filter>
    </ClCompile>
    <ClCompile Include="..\..\renderer\RenderBezierActor.cpp">
      <Filter>Renderer</Filter>
    </ClCompile>
    <ClCompile Include="..\..\renderer\RendererBezierShape.cpp">
      <Filter>Renderer</Filter>
    </ClCompile>
    <ClCompile Include="..\..\renderer\MeshCompositionUtility.cpp">
      <Filter>Renderer</Filter>
    </ClCompile>
  </ItemGroup>
  <ItemGroup>
    <ClInclude Include="..\..\EvolvedVirtualCreatures.h" />
    <ClInclude Include="..\..\stdafx.h" />
    <ClInclude Include="..\..\targetver.h" />
    <ClInclude Include="..\..\creature\AngularSensor.h">
      <Filter>Creature</Filter>
    </ClInclude>
    <ClInclude Include="..\..\creature\Creature.h">
      <Filter>Creature</Filter>
    </ClInclude>
    <ClInclude Include="..\..\creature\Effector.h">
      <Filter>Creature</Filter>
    </ClInclude>
    <ClInclude Include="..\..\creature\Joint.h">
      <Filter>Creature</Filter>
    </ClInclude>
    <ClInclude Include="..\..\creature\MuscleEffector.h">
      <Filter>Creature</Filter>
    </ClInclude>
    <ClInclude Include="..\..\creature\NeuralNet.h">
      <Filter>Creature</Filter>
    </ClInclude>
    <ClInclude Include="..\..\creature\Sensor.h">
      <Filter>Creature</Filter>
    </ClInclude>
    <ClInclude Include="..\..\genoype\GenotypeParser.h">
      <Filter>Genotype</Filter>
    </ClInclude>
    <ClInclude Include="..\..\genoype\GenotypeScanner.h">
      <Filter>Genotype</Filter>
    </ClInclude>
    <ClInclude Include="..\..\genetic\GeneticAlgorithm.h">
      <Filter>Genetic</Filter>
    </ClInclude>
    <ClInclude Include="..\..\genetic\Genome.h">
      <Filter>Genetic</Filter>
    </ClInclude>
    <ClInclude Include="..\..\creature\PhotoSensor.h">
      <Filter>Creature</Filter>
    </ClInclude>
    <ClInclude Include="..\..\creature\VisionSensor.h">
      <Filter>Creature</Filter>
    </ClInclude>
    <ClInclude Include="..\..\renderer\RenderComposition.h">
      <Filter>Renderer</Filter>
    </ClInclude>
    <ClInclude Include="..\..\utility\Utility.h">
      <Filter>Utility</Filter>
    </ClInclude>
    <ClInclude Include="..\..\creature\PhysNode.h">
      <Filter>Creature</Filter>
    </ClInclude>
    <ClInclude Include="..\..\diagram\DiagramController.h">
      <Filter>Diagram</Filter>
    </ClInclude>
    <ClInclude Include="..\..\diagram\DiagramNode.h">
      <Filter>Diagram</Filter>
    </ClInclude>
    <ClInclude Include="..\..\utility\structdef.h">
      <Filter>Utility</Filter>
    </ClInclude>
    <ClInclude Include="..\..\utility\FileLoader.h">
      <Filter>Utility</Filter>
    </ClInclude>
    <ClInclude Include="..\..\renderer\RenderModelActor.h">
      <Filter>Renderer</Filter>
    </ClInclude>
    <ClInclude Include="..\..\renderer\RendererModelShape.h">
      <Filter>Renderer</Filter>
    </ClInclude>
    <ClInclude Include="..\..\renderer\RendererCompositionShape.h">
      <Filter>Renderer</Filter>
    </ClInclude>
    <ClInclude Include="..\..\renderer\Bone.h">
      <Filter>Renderer</Filter>
    </ClInclude>
    <ClInclude Include="..\..\renderer\3dNode.h">
      <Filter>Renderer</Filter>
    </ClInclude>
    <ClInclude Include="..\..\renderer\Track.h">
      <Filter>Renderer</Filter>
    </ClInclude>
    <ClInclude Include="..\..\renderer\RendererSkinModelShape.h">
      <Filter>Renderer</Filter>
    </ClInclude>
    <ClInclude Include="..\..\renderer\RenderBezierActor.h">
      <Filter>Renderer</Filter>
    </ClInclude>
    <ClInclude Include="..\..\renderer\RendererBezierShape.h">
      <Filter>Renderer</Filter>
    </ClInclude>
    <ClInclude Include="..\..\renderer\MeshCompositionUtility.h">
      <Filter>Renderer</Filter>
    </ClInclude>
  </ItemGroup>
  <ItemGroup>
    <Filter Include="Creature">
      <UniqueIdentifier>{44a6245d-f8f3-46f1-84d8-b76b57bfd707}</UniqueIdentifier>
    </Filter>
    <Filter Include="Genotype">
      <UniqueIdentifier>{b5efef14-7cd3-4528-9c29-87b07ac6cb02}</UniqueIdentifier>
    </Filter>
    <Filter Include="Genetic">
      <UniqueIdentifier>{47d12792-b50d-43ed-9b84-37a89c2b730a}</UniqueIdentifier>
    </Filter>
    <Filter Include="Renderer">
      <UniqueIdentifier>{73a679d4-7ceb-4126-b60e-5821c3086014}</UniqueIdentifier>
    </Filter>
    <Filter Include="Utility">
      <UniqueIdentifier>{1ec45e37-762c-4e7e-af04-341754835bb3}</UniqueIdentifier>
    </Filter>
    <Filter Include="Diagram">
      <UniqueIdentifier>{1210f029-2088-44bb-ad95-00d34a3618d4}</UniqueIdentifier>
    </Filter>
  </ItemGroup>
</Project>