
Microsoft Visual Studio Solution File, Format Version 11.00
# Visual Studio 2010
Project("{8BC9CEB8-8B4A-11D0-8D11-00A0C91BC942}") = "SampleFramework-MT", "..\..\SampleFramework\framework\compiler\vc10win64\SampleFramework-MT.vcxproj", "{E371247E-B19D-D220-AD63-A6CD5112E439}"
EndProject
Project("{8BC9CEB8-8B4A-11D0-8D11-00A0C91BC942}") = "SamplePlatform-MT", "..\..\SampleFramework\platform\compiler\vc10win64\SamplePlatform-MT.vcxproj", "{B69F529F-A852-45C1-9ED0-9638529350A7}"
EndProject
Project("{8BC9CEB8-8B4A-11D0-8D11-00A0C91BC942}") = "SampleRenderer-MT", "..\..\SampleFramework\renderer\compiler\vc10win64\SampleRenderer-MT.vcxproj", "{3D9B89A3-8FE9-3D75-5926-925E5AECAC31}"
EndProject
Project("{8BC9CEB8-8B4A-11D0-8D11-00A0C91BC942}") = "SampleBase", "..\..\SampleBase\compiler\vc10win64\SampleBase.vcxproj", "{BA90589C-6CEA-670C-950C-7BCF10E4792F}"
EndProject
Project("{8BC9CEB8-8B4A-11D0-8D11-00A0C91BC942}") = "PxToolkit", "..\..\PxToolkit\compiler\vc10win64\PxToolkit.vcxproj", "{CD5F28F8-FDD3-66C2-6BEE-2E7247E708A9}"
EndProject
Global
	GlobalSection(SolutionConfigurationPlatforms) = preSolution
		checked|x64 = checked|x64
		debug|x64 = debug|x64
		profile|x64 = profile|x64
		release|x64 = release|x64
	EndGlobalSection
	GlobalSection(ProjectConfigurationPlatforms) = postSolution
		{E371247E-B19D-D220-AD63-A6CD5112E439}.checked|x64.ActiveCfg = checked|x64
		{E371247E-B19D-D220-AD63-A6CD5112E439}.checked|x64.Build.0 = checked|x64
		{E371247E-B19D-D220-AD63-A6CD5112E439}.debug|x64.ActiveCfg = debug|x64
		{E371247E-B19D-D220-AD63-A6CD5112E439}.debug|x64.Build.0 = debug|x64
		{E371247E-B19D-D220-AD63-A6CD5112E439}.profile|x64.ActiveCfg = profile|x64
		{E371247E-B19D-D220-AD63-A6CD5112E439}.profile|x64.Build.0 = profile|x64
		{E371247E-B19D-D220-AD63-A6CD5112E439}.release|x64.ActiveCfg = release|x64
		{E371247E-B19D-D220-AD63-A6CD5112E439}.release|x64.Build.0 = release|x64
		{B69F529F-A852-45C1-9ED0-9638529350A7}.checked|x64.ActiveCfg = checked|x64
		{B69F529F-A852-45C1-9ED0-9638529350A7}.checked|x64.Build.0 = checked|x64
		{B69F529F-A852-45C1-9ED0-9638529350A7}.debug|x64.ActiveCfg = debug|x64
		{B69F529F-A852-45C1-9ED0-9638529350A7}.debug|x64.Build.0 = debug|x64
		{B69F529F-A852-45C1-9ED0-9638529350A7}.profile|x64.ActiveCfg = profile|x64
		{B69F529F-A852-45C1-9ED0-9638529350A7}.profile|x64.Build.0 = profile|x64
		{B69F529F-A852-45C1-9ED0-9638529350A7}.release|x64.ActiveCfg = release|x64
		{B69F529F-A852-45C1-9ED0-9638529350A7}.release|x64.Build.0 = release|x64
		{3D9B89A3-8FE9-3D75-5926-925E5AECAC31}.checked|x64.ActiveCfg = checked|x64
		{3D9B89A3-8FE9-3D75-5926-925E5AECAC31}.checked|x64.Build.0 = checked|x64
		{3D9B89A3-8FE9-3D75-5926-925E5AECAC31}.debug|x64.ActiveCfg = debug|x64
		{3D9B89A3-8FE9-3D75-5926-925E5AECAC31}.debug|x64.Build.0 = debug|x64
		{3D9B89A3-8FE9-3D75-5926-925E5AECAC31}.profile|x64.ActiveCfg = profile|x64
		{3D9B89A3-8FE9-3D75-5926-925E5AECAC31}.profile|x64.Build.0 = profile|x64
		{3D9B89A3-8FE9-3D75-5926-925E5AECAC31}.release|x64.ActiveCfg = release|x64
		{3D9B89A3-8FE9-3D75-5926-925E5AECAC31}.release|x64.Build.0 = release|x64
		{BA90589C-6CEA-670C-950C-7BCF10E4792F}.checked|x64.ActiveCfg = checked|x64
		{BA90589C-6CEA-670C-950C-7BCF10E4792F}.checked|x64.Build.0 = checked|x64
		{BA90589C-6CEA-670C-950C-7BCF10E4792F}.debug|x64.ActiveCfg = debug|x64
		{BA90589C-6CEA-670C-950C-7BCF10E4792F}.debug|x64.Build.0 = debug|x64
		{BA90589C-6CEA-670C-950C-7BCF10E4792F}.profile|x64.ActiveCfg = profile|x64
		{BA90589C-6CEA-670C-950C-7BCF10E4792F}.profile|x64.Build.0 = profile|x64
		{BA90589C-6CEA-670C-950C-7BCF10E4792F}.release|x64.ActiveCfg = release|x64
		{BA90589C-6CEA-670C-950C-7BCF10E4792F}.release|x64.Build.0 = release|x64
		{CD5F28F8-FDD3-66C2-6BEE-2E7247E708A9}.checked|x64.ActiveCfg = checked|x64
		{CD5F28F8-FDD3-66C2-6BEE-2E7247E708A9}.checked|x64.Build.0 = checked|x64
		{CD5F28F8-FDD3-66C2-6BEE-2E7247E708A9}.debug|x64.ActiveCfg = debug|x64
		{CD5F28F8-FDD3-66C2-6BEE-2E7247E708A9}.debug|x64.Build.0 = debug|x64
		{CD5F28F8-FDD3-66C2-6BEE-2E7247E708A9}.profile|x64.ActiveCfg = profile|x64
		{CD5F28F8-FDD3-66C2-6BEE-2E7247E708A9}.profile|x64.Build.0 = profile|x64
		{CD5F28F8-FDD3-66C2-6BEE-2E7247E708A9}.release|x64.ActiveCfg = release|x64
		{CD5F28F8-FDD3-66C2-6BEE-2E7247E708A9}.release|x64.Build.0 = release|x64
	EndGlobalSection
	GlobalSection(SolutionProperties) = preSolution
		HideSolutionNode = FALSE
	EndGlobalSection
EndGlobal
